
Microsoft Visual Studio Solution File, Format Version 12.00
# Visual Studio Version 16
VisualStudioVersion = 16.0.33214.272
MinimumVisualStudioVersion = 10.0.40219.1
Project("{FAE04EC0-301F-11D3-BF4B-00C04F79EFBC}") = "FieldValidatorAPI", "FieldValidatorAPI\FieldValidatorAPI.csproj", "{A8DCE2BF-F8A4-4756-AC7E-D1ACB6787FF7}"
EndProject
Project("{FAE04EC0-301F-11D3-BF4B-00C04F79EFBC}") = "ClubMembershipApplication", "ClubMembershipApplication\ClubMembershipApplication.csproj", "{B9DF436D-DD85-46FB-8D06-8D43231F988A}"
EndProject
Global
	GlobalSection(SolutionConfigurationPlatforms) = preSolution
		Debug|Any CPU = Debug|Any CPU
		Release|Any CPU = Release|Any CPU
	EndGlobalSection
	GlobalSection(ProjectConfigurationPlatforms) = postSolution
		{A8DCE2BF-F8A4-4756-AC7E-D1ACB6787FF7}.Debug|Any CPU.ActiveCfg = Debug|Any CPU
		{A8DCE2BF-F8A4-4756-AC7E-D1ACB6787FF7}.Debug|Any CPU.Build.0 = Debug|Any CPU
		{A8DCE2BF-F8A4-4756-AC7E-D1ACB6787FF7}.Release|Any CPU.ActiveCfg = Release|Any CPU
		{A8DCE2BF-F8A4-4756-AC7E-D1ACB6787FF7}.Release|Any CPU.Build.0 = Release|Any CPU
		{B9DF436D-DD85-46FB-8D06-8D43231F988A}.Debug|Any CPU.ActiveCfg = Debug|Any CPU
		{B9DF436D-DD85-46FB-8D06-8D43231F988A}.Debug|Any CPU.Build.0 = Debug|Any CPU
		{B9DF436D-DD85-46FB-8D06-8D43231F988A}.Release|Any CPU.ActiveCfg = Release|Any CPU
		{B9DF436D-DD85-46FB-8D06-8D43231F988A}.Release|Any CPU.Build.0 = Release|Any CPU
	EndGlobalSection
	GlobalSection(SolutionProperties) = preSolution
		HideSolutionNode = FALSE
	EndGlobalSection
	GlobalSection(ExtensibilityGlobals) = postSolution
		SolutionGuid = {7EEC67ED-0865-4E6B-9E85-04423CD004B6}
	EndGlobalSection
EndGlobal
